
Microsoft Visual Studio Solution File, Format Version 12.00
# Visual Studio Version 16
VisualStudioVersion = 16.0.32228.343
MinimumVisualStudioVersion = 10.0.40219.1
Project("{FAE04EC0-301F-11D3-BF4B-00C04F79EFBC}") = "CoreServicesTemplate.Shared.Core", "CoreServicesTemplate.Shared.Core\CoreServicesTemplate.Shared.Core.csproj", "{72ABCDD5-F1A5-4D66-A088-4C95B390E224}"
EndProject
Global
	GlobalSection(SolutionConfigurationPlatforms) = preSolution
		Debug|Any CPU = Debug|Any CPU
		Release|Any CPU = Release|Any CPU
	EndGlobalSection
	GlobalSection(ProjectConfigurationPlatforms) = postSolution
		{72ABCDD5-F1A5-4D66-A088-4C95B390E224}.Debug|Any CPU.ActiveCfg = Debug|Any CPU
		{72ABCDD5-F1A5-4D66-A088-4C95B390E224}.Debug|Any CPU.Build.0 = Debug|Any CPU
		{72ABCDD5-F1A5-4D66-A088-4C95B390E224}.Release|Any CPU.ActiveCfg = Release|Any CPU
		{72ABCDD5-F1A5-4D66-A088-4C95B390E224}.Release|Any CPU.Build.0 = Release|Any CPU
	EndGlobalSection
	GlobalSection(SolutionProperties) = preSolution
		HideSolutionNode = FALSE
	EndGlobalSection
	GlobalSection(ExtensibilityGlobals) = postSolution
		SolutionGuid = {09F9BE02-4A39-440C-9580-3A7584EA0118}
	EndGlobalSection
EndGlobal
