
Microsoft Visual Studio Solution File, Format Version 12.00
# Visual Studio Version 17
VisualStudioVersion = 17.5.33530.505
MinimumVisualStudioVersion = 10.0.40219.1
Project("{FAE04EC0-301F-11D3-BF4B-00C04F79EFBC}") = "CoreServicesTemplate.Event", "CoreServicesTemplate.Event\CoreServicesTemplate.Event.csproj", "{99358D2F-AAFA-4854-B68C-0E6729A4777B}"
EndProject
Project("{9A19103F-16F7-4668-BE54-9A1E7A4F7556}") = "CoreServicesTemplate.Shared.Core", "CoreServicesTemplate.Shared\CoreServicesTemplate.Shared.Core\CoreServicesTemplate.Shared.Core.csproj", "{98BCD6F4-D4CC-4BFD-971F-F748CCE0E2B3}"
EndProject
Global
	GlobalSection(SolutionConfigurationPlatforms) = preSolution
		Debug|Any CPU = Debug|Any CPU
		Release|Any CPU = Release|Any CPU
	EndGlobalSection
	GlobalSection(ProjectConfigurationPlatforms) = postSolution
		{99358D2F-AAFA-4854-B68C-0E6729A4777B}.Debug|Any CPU.ActiveCfg = Debug|Any CPU
		{99358D2F-AAFA-4854-B68C-0E6729A4777B}.Debug|Any CPU.Build.0 = Debug|Any CPU
		{99358D2F-AAFA-4854-B68C-0E6729A4777B}.Release|Any CPU.ActiveCfg = Release|Any CPU
		{99358D2F-AAFA-4854-B68C-0E6729A4777B}.Release|Any CPU.Build.0 = Release|Any CPU
		{98BCD6F4-D4CC-4BFD-971F-F748CCE0E2B3}.Debug|Any CPU.ActiveCfg = Debug|Any CPU
		{98BCD6F4-D4CC-4BFD-971F-F748CCE0E2B3}.Debug|Any CPU.Build.0 = Debug|Any CPU
		{98BCD6F4-D4CC-4BFD-971F-F748CCE0E2B3}.Release|Any CPU.ActiveCfg = Release|Any CPU
		{98BCD6F4-D4CC-4BFD-971F-F748CCE0E2B3}.Release|Any CPU.Build.0 = Release|Any CPU
	EndGlobalSection
	GlobalSection(SolutionProperties) = preSolution
		HideSolutionNode = FALSE
	EndGlobalSection
	GlobalSection(ExtensibilityGlobals) = postSolution
		SolutionGuid = {CF37B048-81DF-4AE4-AE70-16ADF56BBEF1}
	EndGlobalSection
EndGlobal
