
Microsoft Visual Studio Solution File, Format Version 12.00
# Visual Studio Version 17
VisualStudioVersion = 17.4.33110.190
MinimumVisualStudioVersion = 10.0.40219.1
Project("{FAE04EC0-301F-11D3-BF4B-00C04F79EFBC}") = "CoreServicesTemplate.Security", "CoreServicesTemplate.Security\CoreServicesTemplate.Security.csproj", "{F4DEAE56-3633-4A3D-BCDC-B40BB39F62A5}"
EndProject
Global
	GlobalSection(SolutionConfigurationPlatforms) = preSolution
		Debug|Any CPU = Debug|Any CPU
		Release|Any CPU = Release|Any CPU
	EndGlobalSection
	GlobalSection(ProjectConfigurationPlatforms) = postSolution
		{F4DEAE56-3633-4A3D-BCDC-B40BB39F62A5}.Debug|Any CPU.ActiveCfg = Debug|Any CPU
		{F4DEAE56-3633-4A3D-BCDC-B40BB39F62A5}.Debug|Any CPU.Build.0 = Debug|Any CPU
		{F4DEAE56-3633-4A3D-BCDC-B40BB39F62A5}.Release|Any CPU.ActiveCfg = Release|Any CPU
		{F4DEAE56-3633-4A3D-BCDC-B40BB39F62A5}.Release|Any CPU.Build.0 = Release|Any CPU
	EndGlobalSection
	GlobalSection(SolutionProperties) = preSolution
		HideSolutionNode = FALSE
	EndGlobalSection
	GlobalSection(ExtensibilityGlobals) = postSolution
		SolutionGuid = {CC0DF3A0-21E5-4DB2-92AE-FD4D7DE90028}
	EndGlobalSection
EndGlobal
