
Microsoft Visual Studio Solution File, Format Version 12.00
# Visual Studio Version 17
VisualStudioVersion = 17.4.33122.133
MinimumVisualStudioVersion = 10.0.40219.1
Project("{9A19103F-16F7-4668-BE54-9A1E7A4F7556}") = "CoreServicesTemplate.Dashboard.Web", "CoreServicesTemplate.Dashboard.Web\CoreServicesTemplate.Dashboard.Web.csproj", "{327D91C3-D094-4F79-A6ED-ABE25180851D}"
EndProject
Project("{9A19103F-16F7-4668-BE54-9A1E7A4F7556}") = "CoreServicesTemplate.Dashboard.Core", "CoreServicesTemplate.Dashboard.Core\CoreServicesTemplate.Dashboard.Core.csproj", "{50321ABE-9363-4A2A-8E95-202FE4EE362B}"
EndProject
Project("{9A19103F-16F7-4668-BE54-9A1E7A4F7556}") = "CoreServicesTemplate.Shared.Core", "..\CoreServicesTemplate.Shared\CoreServicesTemplate.Shared.Core\CoreServicesTemplate.Shared.Core.csproj", "{A1B84F26-E7C6-42EF-BBC8-40BE2470C2F8}"
EndProject
Project("{9A19103F-16F7-4668-BE54-9A1E7A4F7556}") = "CoreServicesTemplate.Dashboard.Common", "CoreServicesTemplate.Dashboard.Common\CoreServicesTemplate.Dashboard.Common.csproj", "{4D0771DD-B537-49A7-AAC1-B3633574EBAE}"
EndProject
Project("{9A19103F-16F7-4668-BE54-9A1E7A4F7556}") = "CoreServicesTemplate.Dashboard.Services", "CoreServicesTemplate.Dashboard.Services\CoreServicesTemplate.Dashboard.Services.csproj", "{4A471A40-178F-4A6C-9BD4-61BD7B485E2A}"
EndProject
Project("{9A19103F-16F7-4668-BE54-9A1E7A4F7556}") = "CoreServicesTemplate.Dashboard.Web.Testing", "CoreServicesTemplate.Dashboard.Web.Testing\CoreServicesTemplate.Dashboard.Web.Testing.csproj", "{DA897D95-9AC3-40FA-A62D-A5B9D329EA26}"
EndProject
Global
	GlobalSection(SolutionConfigurationPlatforms) = preSolution
		Debug|Any CPU = Debug|Any CPU
		Release|Any CPU = Release|Any CPU
	EndGlobalSection
	GlobalSection(ProjectConfigurationPlatforms) = postSolution
		{327D91C3-D094-4F79-A6ED-ABE25180851D}.Debug|Any CPU.ActiveCfg = Debug|Any CPU
		{327D91C3-D094-4F79-A6ED-ABE25180851D}.Debug|Any CPU.Build.0 = Debug|Any CPU
		{327D91C3-D094-4F79-A6ED-ABE25180851D}.Release|Any CPU.ActiveCfg = Release|Any CPU
		{327D91C3-D094-4F79-A6ED-ABE25180851D}.Release|Any CPU.Build.0 = Release|Any CPU
		{50321ABE-9363-4A2A-8E95-202FE4EE362B}.Debug|Any CPU.ActiveCfg = Debug|Any CPU
		{50321ABE-9363-4A2A-8E95-202FE4EE362B}.Debug|Any CPU.Build.0 = Debug|Any CPU
		{50321ABE-9363-4A2A-8E95-202FE4EE362B}.Release|Any CPU.ActiveCfg = Release|Any CPU
		{50321ABE-9363-4A2A-8E95-202FE4EE362B}.Release|Any CPU.Build.0 = Release|Any CPU
		{A1B84F26-E7C6-42EF-BBC8-40BE2470C2F8}.Debug|Any CPU.ActiveCfg = Debug|Any CPU
		{A1B84F26-E7C6-42EF-BBC8-40BE2470C2F8}.Debug|Any CPU.Build.0 = Debug|Any CPU
		{A1B84F26-E7C6-42EF-BBC8-40BE2470C2F8}.Release|Any CPU.ActiveCfg = Release|Any CPU
		{A1B84F26-E7C6-42EF-BBC8-40BE2470C2F8}.Release|Any CPU.Build.0 = Release|Any CPU
		{4D0771DD-B537-49A7-AAC1-B3633574EBAE}.Debug|Any CPU.ActiveCfg = Debug|Any CPU
		{4D0771DD-B537-49A7-AAC1-B3633574EBAE}.Debug|Any CPU.Build.0 = Debug|Any CPU
		{4D0771DD-B537-49A7-AAC1-B3633574EBAE}.Release|Any CPU.ActiveCfg = Release|Any CPU
		{4D0771DD-B537-49A7-AAC1-B3633574EBAE}.Release|Any CPU.Build.0 = Release|Any CPU
		{4A471A40-178F-4A6C-9BD4-61BD7B485E2A}.Debug|Any CPU.ActiveCfg = Debug|Any CPU
		{4A471A40-178F-4A6C-9BD4-61BD7B485E2A}.Debug|Any CPU.Build.0 = Debug|Any CPU
		{4A471A40-178F-4A6C-9BD4-61BD7B485E2A}.Release|Any CPU.ActiveCfg = Release|Any CPU
		{4A471A40-178F-4A6C-9BD4-61BD7B485E2A}.Release|Any CPU.Build.0 = Release|Any CPU
		{DA897D95-9AC3-40FA-A62D-A5B9D329EA26}.Debug|Any CPU.ActiveCfg = Debug|Any CPU
		{DA897D95-9AC3-40FA-A62D-A5B9D329EA26}.Debug|Any CPU.Build.0 = Debug|Any CPU
		{DA897D95-9AC3-40FA-A62D-A5B9D329EA26}.Release|Any CPU.ActiveCfg = Release|Any CPU
		{DA897D95-9AC3-40FA-A62D-A5B9D329EA26}.Release|Any CPU.Build.0 = Release|Any CPU
	EndGlobalSection
	GlobalSection(SolutionProperties) = preSolution
		HideSolutionNode = FALSE
	EndGlobalSection
	GlobalSection(ExtensibilityGlobals) = postSolution
		SolutionGuid = {1089CC20-FE1B-4894-9170-DB59E61400CB}
	EndGlobalSection
EndGlobal
