
Microsoft Visual Studio Solution File, Format Version 12.00
# Visual Studio Version 17
VisualStudioVersion = 17.4.33110.190
MinimumVisualStudioVersion = 10.0.40219.1
Project("{9A19103F-16F7-4668-BE54-9A1E7A4F7556}") = "CoreServicesTemplate.Console.Web", "CoreServicesTemplate.Console.Web\CoreServicesTemplate.Console.Web.csproj", "{D34F5AE6-E293-4A83-9E13-E4424B9C455D}"
EndProject
Project("{9A19103F-16F7-4668-BE54-9A1E7A4F7556}") = "CoreServicesTemplate.Console.Web.Testing", "CoreServicesTemplate.Console.Web.Testing\CoreServicesTemplate.Console.Web.Testing.csproj", "{7CAA367D-E8DA-40FB-8F48-E4B88F85653E}"
EndProject
Project("{9A19103F-16F7-4668-BE54-9A1E7A4F7556}") = "CoreServicesTemplate.Console.Api", "CoreServicesTemplate.Console.Api\CoreServicesTemplate.Console.Api.csproj", "{68AB05AF-636D-4712-BB04-8EEFC95285E4}"
EndProject
Project("{9A19103F-16F7-4668-BE54-9A1E7A4F7556}") = "CoreServicesTemplate.Console.Api.Testing", "CoreServicesTemplate.Console.Api.Testing\CoreServicesTemplate.Console.Api.Testing.csproj", "{FB4306D9-FAC3-468B-996A-E659229DF125}"
EndProject
Project("{9A19103F-16F7-4668-BE54-9A1E7A4F7556}") = "CoreServicesTemplate.Console.Common", "CoreServicesTemplate.Console.Common\CoreServicesTemplate.Console.Common.csproj", "{1743386C-E020-451A-B30C-3A07A0BD2418}"
EndProject
Project("{9A19103F-16F7-4668-BE54-9A1E7A4F7556}") = "CoreServicesTemplate.Console.Core", "CoreServicesTemplate.Console.Core\CoreServicesTemplate.Console.Core.csproj", "{C35E2167-4FD2-4907-96DD-93D3D0B55ACC}"
EndProject
Project("{9A19103F-16F7-4668-BE54-9A1E7A4F7556}") = "CoreServicesTemplate.Console.Services", "CoreServicesTemplate.Console.Services\CoreServicesTemplate.Console.Services.csproj", "{C4292237-76EB-4992-AF16-C20E4BE9D41B}"
EndProject
Project("{9A19103F-16F7-4668-BE54-9A1E7A4F7556}") = "CoreServicesTemplate.Shared.Core", "..\CoreServicesTemplate.Shared\CoreServicesTemplate.Shared.Core\CoreServicesTemplate.Shared.Core.csproj", "{64C652BB-077D-4D9B-B281-7AD68BBB3C47}"
EndProject
Project("{FAE04EC0-301F-11D3-BF4B-00C04F79EFBC}") = "CoreServicesTemplate.Console.Web.NET7.Testing", "CoreServicesTemplate.Console.Web.NET7.Testing\CoreServicesTemplate.Console.Web.NET7.Testing.csproj", "{F51F4682-B017-4C15-8AD0-785BA8A86CB5}"
EndProject
Global
	GlobalSection(SolutionConfigurationPlatforms) = preSolution
		Debug|Any CPU = Debug|Any CPU
		Release|Any CPU = Release|Any CPU
	EndGlobalSection
	GlobalSection(ProjectConfigurationPlatforms) = postSolution
		{D34F5AE6-E293-4A83-9E13-E4424B9C455D}.Debug|Any CPU.ActiveCfg = Debug|Any CPU
		{D34F5AE6-E293-4A83-9E13-E4424B9C455D}.Debug|Any CPU.Build.0 = Debug|Any CPU
		{D34F5AE6-E293-4A83-9E13-E4424B9C455D}.Release|Any CPU.ActiveCfg = Release|Any CPU
		{D34F5AE6-E293-4A83-9E13-E4424B9C455D}.Release|Any CPU.Build.0 = Release|Any CPU
		{7CAA367D-E8DA-40FB-8F48-E4B88F85653E}.Debug|Any CPU.ActiveCfg = Debug|Any CPU
		{7CAA367D-E8DA-40FB-8F48-E4B88F85653E}.Debug|Any CPU.Build.0 = Debug|Any CPU
		{7CAA367D-E8DA-40FB-8F48-E4B88F85653E}.Release|Any CPU.ActiveCfg = Release|Any CPU
		{7CAA367D-E8DA-40FB-8F48-E4B88F85653E}.Release|Any CPU.Build.0 = Release|Any CPU
		{68AB05AF-636D-4712-BB04-8EEFC95285E4}.Debug|Any CPU.ActiveCfg = Debug|Any CPU
		{68AB05AF-636D-4712-BB04-8EEFC95285E4}.Debug|Any CPU.Build.0 = Debug|Any CPU
		{68AB05AF-636D-4712-BB04-8EEFC95285E4}.Release|Any CPU.ActiveCfg = Release|Any CPU
		{68AB05AF-636D-4712-BB04-8EEFC95285E4}.Release|Any CPU.Build.0 = Release|Any CPU
		{FB4306D9-FAC3-468B-996A-E659229DF125}.Debug|Any CPU.ActiveCfg = Debug|Any CPU
		{FB4306D9-FAC3-468B-996A-E659229DF125}.Debug|Any CPU.Build.0 = Debug|Any CPU
		{FB4306D9-FAC3-468B-996A-E659229DF125}.Release|Any CPU.ActiveCfg = Release|Any CPU
		{FB4306D9-FAC3-468B-996A-E659229DF125}.Release|Any CPU.Build.0 = Release|Any CPU
		{1743386C-E020-451A-B30C-3A07A0BD2418}.Debug|Any CPU.ActiveCfg = Debug|Any CPU
		{1743386C-E020-451A-B30C-3A07A0BD2418}.Debug|Any CPU.Build.0 = Debug|Any CPU
		{1743386C-E020-451A-B30C-3A07A0BD2418}.Release|Any CPU.ActiveCfg = Release|Any CPU
		{1743386C-E020-451A-B30C-3A07A0BD2418}.Release|Any CPU.Build.0 = Release|Any CPU
		{C35E2167-4FD2-4907-96DD-93D3D0B55ACC}.Debug|Any CPU.ActiveCfg = Debug|Any CPU
		{C35E2167-4FD2-4907-96DD-93D3D0B55ACC}.Debug|Any CPU.Build.0 = Debug|Any CPU
		{C35E2167-4FD2-4907-96DD-93D3D0B55ACC}.Release|Any CPU.ActiveCfg = Release|Any CPU
		{C35E2167-4FD2-4907-96DD-93D3D0B55ACC}.Release|Any CPU.Build.0 = Release|Any CPU
		{C4292237-76EB-4992-AF16-C20E4BE9D41B}.Debug|Any CPU.ActiveCfg = Debug|Any CPU
		{C4292237-76EB-4992-AF16-C20E4BE9D41B}.Debug|Any CPU.Build.0 = Debug|Any CPU
		{C4292237-76EB-4992-AF16-C20E4BE9D41B}.Release|Any CPU.ActiveCfg = Release|Any CPU
		{C4292237-76EB-4992-AF16-C20E4BE9D41B}.Release|Any CPU.Build.0 = Release|Any CPU
		{64C652BB-077D-4D9B-B281-7AD68BBB3C47}.Debug|Any CPU.ActiveCfg = Debug|Any CPU
		{64C652BB-077D-4D9B-B281-7AD68BBB3C47}.Debug|Any CPU.Build.0 = Debug|Any CPU
		{64C652BB-077D-4D9B-B281-7AD68BBB3C47}.Release|Any CPU.ActiveCfg = Release|Any CPU
		{64C652BB-077D-4D9B-B281-7AD68BBB3C47}.Release|Any CPU.Build.0 = Release|Any CPU
		{F51F4682-B017-4C15-8AD0-785BA8A86CB5}.Debug|Any CPU.ActiveCfg = Debug|Any CPU
		{F51F4682-B017-4C15-8AD0-785BA8A86CB5}.Debug|Any CPU.Build.0 = Debug|Any CPU
		{F51F4682-B017-4C15-8AD0-785BA8A86CB5}.Release|Any CPU.ActiveCfg = Release|Any CPU
		{F51F4682-B017-4C15-8AD0-785BA8A86CB5}.Release|Any CPU.Build.0 = Release|Any CPU
	EndGlobalSection
	GlobalSection(SolutionProperties) = preSolution
		HideSolutionNode = FALSE
	EndGlobalSection
	GlobalSection(ExtensibilityGlobals) = postSolution
		SolutionGuid = {23A9FEEB-1D59-4185-B4B7-004687215111}
	EndGlobalSection
EndGlobal
